
Microsoft Visual Studio Solution File, Format Version 12.00
# Visual Studio Version 16
VisualStudioVersion = 25.0.1706.11
MinimumVisualStudioVersion = 10.0.40219.1
Project("{FAE04EC0-301F-11D3-BF4B-00C04F79EFBC}") = "WebSocketsSample", "WebSocketsSample.csproj", "{0654ED2D-C998-42D8-84F8-58BFD9BEB921}"
EndProject
Global
	GlobalSection(SolutionConfigurationPlatforms) = preSolution
		Debug|Any CPU = Debug|Any CPU
		Release|Any CPU = Release|Any CPU
	EndGlobalSection
	GlobalSection(ProjectConfigurationPlatforms) = postSolution
		{0654ED2D-C998-42D8-84F8-58BFD9BEB921}.Debug|Any CPU.ActiveCfg = Debug|Any CPU
		{0654ED2D-C998-42D8-84F8-58BFD9BEB921}.Debug|Any CPU.Build.0 = Debug|Any CPU
		{0654ED2D-C998-42D8-84F8-58BFD9BEB921}.Release|Any CPU.ActiveCfg = Release|Any CPU
		{0654ED2D-C998-42D8-84F8-58BFD9BEB921}.Release|Any CPU.Build.0 = Release|Any CPU
	EndGlobalSection
	GlobalSection(SolutionProperties) = preSolution
		HideSolutionNode = FALSE
	EndGlobalSection
	GlobalSection(ExtensibilityGlobals) = postSolution
		SolutionGuid = {FFC590A9-AA22-4D04-AB28-483248CF12B4}
	EndGlobalSection
EndGlobal
